{
  "name": "dev-academy-2023-exercise",
  "version": "1.0.0",
  "lockfileVersion": 3,
  "requires": true,
  "packages": {
    "": {
      "name": "dev-academy-2023-exercise",
      "version": "1.0.0",
      "license": "ISC",
      "workspaces": [
        "apps/*",
        "packages/*"
      ]
    },
    "apps/api": {
      "version": "1.0.0",
      "license": "ISC",
      "dependencies": {
        "common": "*",
        "data-import": "*"
      }
    },
    "apps/frontend": {
      "version": "1.0.0",
      "license": "ISC",
      "dependencies": {
        "common": "*"
      }
    },
    "node_modules/api": {
      "resolved": "apps/api",
      "link": true
    },
    "node_modules/common": {
      "resolved": "packages/common",
      "link": true
    },
    "node_modules/data-import": {
      "resolved": "packages/data-import",
      "link": true
    },
    "node_modules/frontend": {
      "resolved": "apps/frontend",
      "link": true
    },
    "packages/common": {
      "version": "1.0.0",
      "license": "ISC"
    },
    "packages/data-import": {
      "version": "1.0.0",
      "license": "ISC"
    }
  }
}
